
Microsoft Visual Studio Solution File, Format Version 12.00
# Visual Studio Version 17
VisualStudioVersion = 17.3.32922.545
MinimumVisualStudioVersion = 10.0.40219.1
Project("{FAE04EC0-301F-11D3-BF4B-00C04F79EFBC}") = "projDapper_Ong_MieAu_Etc_e_Tal", "projDapper_Ong_MieAu_Etc_e_Tal\projDapper_Ong_MieAu_Etc_e_Tal.csproj", "{9C5B05DA-587C-416E-8168-8CC88D6BEEFC}"
EndProject
Global
	GlobalSection(SolutionConfigurationPlatforms) = preSolution
		Debug|Any CPU = Debug|Any CPU
		Release|Any CPU = Release|Any CPU
	EndGlobalSection
	GlobalSection(ProjectConfigurationPlatforms) = postSolution
		{9C5B05DA-587C-416E-8168-8CC88D6BEEFC}.Debug|Any CPU.ActiveCfg = Debug|Any CPU
		{9C5B05DA-587C-416E-8168-8CC88D6BEEFC}.Debug|Any CPU.Build.0 = Debug|Any CPU
		{9C5B05DA-587C-416E-8168-8CC88D6BEEFC}.Release|Any CPU.ActiveCfg = Release|Any CPU
		{9C5B05DA-587C-416E-8168-8CC88D6BEEFC}.Release|Any CPU.Build.0 = Release|Any CPU
	EndGlobalSection
	GlobalSection(SolutionProperties) = preSolution
		HideSolutionNode = FALSE
	EndGlobalSection
	GlobalSection(ExtensibilityGlobals) = postSolution
		SolutionGuid = {D65EFE7F-4F9D-4DA1-997D-E05939EDE6B9}
	EndGlobalSection
EndGlobal
